
Microsoft Visual Studio Solution File, Format Version 12.00
# Visual Studio 2013
VisualStudioVersion = 12.0.31101.0
MinimumVisualStudioVersion = 10.0.40219.1
Project("{FAE04EC0-301F-11D3-BF4B-00C04F79EFBC}") = "fukusyu0524", "fukusyu0524\fukusyu0524.csproj", "{879F5AC6-230B-48E9-BBE9-AC41DE6B311C}"
EndProject
Global
	GlobalSection(SolutionConfigurationPlatforms) = preSolution
		Debug|Any CPU = Debug|Any CPU
		Release|Any CPU = Release|Any CPU
	EndGlobalSection
	GlobalSection(ProjectConfigurationPlatforms) = postSolution
		{879F5AC6-230B-48E9-BBE9-AC41DE6B311C}.Debug|Any CPU.ActiveCfg = Debug|Any CPU
		{879F5AC6-230B-48E9-BBE9-AC41DE6B311C}.Debug|Any CPU.Build.0 = Debug|Any CPU
		{879F5AC6-230B-48E9-BBE9-AC41DE6B311C}.Release|Any CPU.ActiveCfg = Release|Any CPU
		{879F5AC6-230B-48E9-BBE9-AC41DE6B311C}.Release|Any CPU.Build.0 = Release|Any CPU
	EndGlobalSection
	GlobalSection(SolutionProperties) = preSolution
		HideSolutionNode = FALSE
	EndGlobalSection
EndGlobal
